<?xml version="1.0" encoding="UTF-8"?>
<Scheme
   LastUpgradeVersion = "0720"
   version = "1.3">
   <BuildAction
      parallelizeBuildables = "YES"
      buildImplicitDependencies = "YES">
      <BuildActionEntries>
         <BuildActionEntry
            buildForTesting = "YES"
            buildForRunning = "YES"
            buildForProfiling = "YES"
            buildForArchiving = "YES"
            buildForAnalyzing = "YES">
            <BuildableReference
               BuildableIdentifier = "primary"
               BlueprintIdentifier = "CA49B0E61C817C4800A0951B"
               BuildableName = "face3000"
               BlueprintName = "face3000"
               ReferencedContainer = "container:face3000.xcodeproj">
            </BuildableReference>
         </BuildActionEntry>
      </BuildActionEntries>
   </BuildAction>
   <TestAction
      buildConfiguration = "Debug"
      selectedDebuggerIdentifier = "Xcode.DebuggerFoundation.Debugger.LLDB"
      selectedLauncherIdentifier = "Xcode.DebuggerFoundation.Launcher.LLDB"
      shouldUseLaunchSchemeArgsEnv = "YES">
      <Testables>
      </Testables>
      <MacroExpansion>
         <BuildableReference
            BuildableIdentifier = "primary"
            BlueprintIdentifier = "CA49B0E61C817C4800A0951B"
            BuildableName = "face3000"
            BlueprintName = "face3000"
            ReferencedContainer = "container:face3000.xcodeproj">
         </BuildableReference>
      </MacroExpansion>
      <AdditionalOptions>
      </AdditionalOptions>
   </TestAction>
   <LaunchAction
      buildConfiguration = "Debug"
      selectedDebuggerIdentifier = "Xcode.DebuggerFoundation.Debugger.LLDB"
      selectedLauncherIdentifier = "Xcode.DebuggerFoundation.Launcher.LLDB"
      launchStyle = "0"
      useCustomWorkingDirectory = "NO"
      ignoresPersistentStateOnLaunch = "NO"
      debugDocumentVersioning = "YES"
      debugServiceExtension = "internal"
      allowLocationSimulation = "YES">
      <BuildableProductRunnable
         runnableDebuggingMode = "0">
         <BuildableReference
            BuildableIdentifier = "primary"
            BlueprintIdentifier = "CA49B0E61C817C4800A0951B"
            BuildableName = "face3000"
            BlueprintName = "face3000"
            ReferencedContainer = "container:face3000.xcodeproj">
         </BuildableReference>
      </BuildableProductRunnable>
      <CommandLineArguments>
         <CommandLineArgument
            argument = "test model_d3n16i10 /Users/xujiajun/Downloads/zzy.jpg"
            isEnabled = "NO">
         </CommandLineArgument>
         <CommandLineArgument
            argument = "train model_17marks"
            isEnabled = "YES">
         </CommandLineArgument>
         <CommandLineArgument
            argument = "train model_d7n18i20"
            isEnabled = "NO">
         </CommandLineArgument>
         <CommandLineArgument
            argument = "video model_d4_n4"
            isEnabled = "NO">
         </CommandLineArgument>
         <CommandLineArgument
            argument = "test model_d5_n2 /Users/xujiajun/developer/dataset/helen/testset/296814969_3.jpg"
            isEnabled = "NO">
         </CommandLineArgument>
         <CommandLineArgument
            argument = "video model_d3n16i10"
            isEnabled = "NO">
         </CommandLineArgument>
         <CommandLineArgument
            argument = "hello"
            isEnabled = "NO">
         </CommandLineArgument>
      </CommandLineArguments>
      <AdditionalOptions>
      </AdditionalOptions>
   </LaunchAction>
   <ProfileAction
      buildConfiguration = "Release"
      shouldUseLaunchSchemeArgsEnv = "YES"
      savedToolIdentifier = ""
      useCustomWorkingDirectory = "NO"
      debugDocumentVersioning = "YES">
      <BuildableProductRunnable
         runnableDebuggingMode = "0">
         <BuildableReference
            BuildableIdentifier = "primary"
            BlueprintIdentifier = "CA49B0E61C817C4800A0951B"
            BuildableName = "face3000"
            BlueprintName = "face3000"
            ReferencedContainer = "container:face3000.xcodeproj">
         </BuildableReference>
      </BuildableProductRunnable>
   </ProfileAction>
   <AnalyzeAction
      buildConfiguration = "Debug">
   </AnalyzeAction>
   <ArchiveAction
      buildConfiguration = "Release"
      revealArchiveInOrganizer = "YES">
   </ArchiveAction>
</Scheme>
